
Microsoft Visual Studio Solution File, Format Version 12.00
# Visual Studio Version 16
VisualStudioVersion = 16.0.29920.165
MinimumVisualStudioVersion = 10.0.40219.1
Project("{FAE04EC0-301F-11D3-BF4B-00C04F79EFBC}") = "Catsfract", "Catsfract.csproj", "{723E876E-CE81-44A9-8238-0C8B34049EF5}"
EndProject
Project("{FAE04EC0-301F-11D3-BF4B-00C04F79EFBC}") = "CatsControls", "..\CatsControls\CatsControls.csproj", "{082675A3-05E5-4D16-867D-C43C3211283E}"
EndProject
Project("{FAE04EC0-301F-11D3-BF4B-00C04F79EFBC}") = "CatsHelpers", "..\CatsHelpers\CatsHelpers.csproj", "{2C603580-7B50-4787-94BC-5D0C81C30443}"
EndProject
Global
	GlobalSection(SolutionConfigurationPlatforms) = preSolution
		Debug|Any CPU = Debug|Any CPU
		Debug|ARM = Debug|ARM
		Debug|ARM64 = Debug|ARM64
		Debug|x64 = Debug|x64
		Debug|x86 = Debug|x86
		Release|Any CPU = Release|Any CPU
		Release|ARM = Release|ARM
		Release|ARM64 = Release|ARM64
		Release|x64 = Release|x64
		Release|x86 = Release|x86
	EndGlobalSection
	GlobalSection(ProjectConfigurationPlatforms) = postSolution
		{723E876E-CE81-44A9-8238-0C8B34049EF5}.Debug|Any CPU.ActiveCfg = Debug|x64
		{723E876E-CE81-44A9-8238-0C8B34049EF5}.Debug|Any CPU.Build.0 = Debug|x64
		{723E876E-CE81-44A9-8238-0C8B34049EF5}.Debug|Any CPU.Deploy.0 = Debug|x64
		{723E876E-CE81-44A9-8238-0C8B34049EF5}.Debug|ARM.ActiveCfg = Debug|ARM
		{723E876E-CE81-44A9-8238-0C8B34049EF5}.Debug|ARM.Build.0 = Debug|ARM
		{723E876E-CE81-44A9-8238-0C8B34049EF5}.Debug|ARM.Deploy.0 = Debug|ARM
		{723E876E-CE81-44A9-8238-0C8B34049EF5}.Debug|ARM64.ActiveCfg = Debug|ARM64
		{723E876E-CE81-44A9-8238-0C8B34049EF5}.Debug|ARM64.Build.0 = Debug|ARM64
		{723E876E-CE81-44A9-8238-0C8B34049EF5}.Debug|ARM64.Deploy.0 = Debug|ARM64
		{723E876E-CE81-44A9-8238-0C8B34049EF5}.Debug|x64.ActiveCfg = Debug|x64
		{723E876E-CE81-44A9-8238-0C8B34049EF5}.Debug|x64.Build.0 = Debug|x64
		{723E876E-CE81-44A9-8238-0C8B34049EF5}.Debug|x64.Deploy.0 = Debug|x64
		{723E876E-CE81-44A9-8238-0C8B34049EF5}.Debug|x86.ActiveCfg = Debug|x86
		{723E876E-CE81-44A9-8238-0C8B34049EF5}.Debug|x86.Build.0 = Debug|x86
		{723E876E-CE81-44A9-8238-0C8B34049EF5}.Debug|x86.Deploy.0 = Debug|x86
		{723E876E-CE81-44A9-8238-0C8B34049EF5}.Release|Any CPU.ActiveCfg = Release|x86
		{723E876E-CE81-44A9-8238-0C8B34049EF5}.Release|ARM.ActiveCfg = Release|ARM
		{723E876E-CE81-44A9-8238-0C8B34049EF5}.Release|ARM.Build.0 = Release|ARM
		{723E876E-CE81-44A9-8238-0C8B34049EF5}.Release|ARM.Deploy.0 = Release|ARM
		{723E876E-CE81-44A9-8238-0C8B34049EF5}.Release|ARM64.ActiveCfg = Release|ARM64
		{723E876E-CE81-44A9-8238-0C8B34049EF5}.Release|ARM64.Build.0 = Release|ARM64
		{723E876E-CE81-44A9-8238-0C8B34049EF5}.Release|ARM64.Deploy.0 = Release|ARM64
		{723E876E-CE81-44A9-8238-0C8B34049EF5}.Release|x64.ActiveCfg = Release|x64
		{723E876E-CE81-44A9-8238-0C8B34049EF5}.Release|x64.Build.0 = Release|x64
		{723E876E-CE81-44A9-8238-0C8B34049EF5}.Release|x64.Deploy.0 = Release|x64
		{723E876E-CE81-44A9-8238-0C8B34049EF5}.Release|x86.ActiveCfg = Release|x86
		{723E876E-CE81-44A9-8238-0C8B34049EF5}.Release|x86.Build.0 = Release|x86
		{723E876E-CE81-44A9-8238-0C8B34049EF5}.Release|x86.Deploy.0 = Release|x86
		{082675A3-05E5-4D16-867D-C43C3211283E}.Debug|Any CPU.ActiveCfg = Debug|Any CPU
		{082675A3-05E5-4D16-867D-C43C3211283E}.Debug|Any CPU.Build.0 = Debug|Any CPU
		{082675A3-05E5-4D16-867D-C43C3211283E}.Debug|ARM.ActiveCfg = Debug|ARM
		{082675A3-05E5-4D16-867D-C43C3211283E}.Debug|ARM.Build.0 = Debug|ARM
		{082675A3-05E5-4D16-867D-C43C3211283E}.Debug|ARM64.ActiveCfg = Debug|ARM64
		{082675A3-05E5-4D16-867D-C43C3211283E}.Debug|ARM64.Build.0 = Debug|ARM64
		{082675A3-05E5-4D16-867D-C43C3211283E}.Debug|x64.ActiveCfg = Debug|x64
		{082675A3-05E5-4D16-867D-C43C3211283E}.Debug|x64.Build.0 = Debug|x64
		{082675A3-05E5-4D16-867D-C43C3211283E}.Debug|x86.ActiveCfg = Debug|x86
		{082675A3-05E5-4D16-867D-C43C3211283E}.Debug|x86.Build.0 = Debug|x86
		{082675A3-05E5-4D16-867D-C43C3211283E}.Release|Any CPU.ActiveCfg = Release|Any CPU
		{082675A3-05E5-4D16-867D-C43C3211283E}.Release|Any CPU.Build.0 = Release|Any CPU
		{082675A3-05E5-4D16-867D-C43C3211283E}.Release|ARM.ActiveCfg = Release|ARM
		{082675A3-05E5-4D16-867D-C43C3211283E}.Release|ARM.Build.0 = Release|ARM
		{082675A3-05E5-4D16-867D-C43C3211283E}.Release|ARM64.ActiveCfg = Release|ARM64
		{082675A3-05E5-4D16-867D-C43C3211283E}.Release|ARM64.Build.0 = Release|ARM64
		{082675A3-05E5-4D16-867D-C43C3211283E}.Release|x64.ActiveCfg = Release|x64
		{082675A3-05E5-4D16-867D-C43C3211283E}.Release|x64.Build.0 = Release|x64
		{082675A3-05E5-4D16-867D-C43C3211283E}.Release|x86.ActiveCfg = Release|x86
		{082675A3-05E5-4D16-867D-C43C3211283E}.Release|x86.Build.0 = Release|x86
		{2C603580-7B50-4787-94BC-5D0C81C30443}.Debug|Any CPU.ActiveCfg = Debug|Any CPU
		{2C603580-7B50-4787-94BC-5D0C81C30443}.Debug|Any CPU.Build.0 = Debug|Any CPU
		{2C603580-7B50-4787-94BC-5D0C81C30443}.Debug|ARM.ActiveCfg = Debug|ARM
		{2C603580-7B50-4787-94BC-5D0C81C30443}.Debug|ARM.Build.0 = Debug|ARM
		{2C603580-7B50-4787-94BC-5D0C81C30443}.Debug|ARM64.ActiveCfg = Debug|ARM64
		{2C603580-7B50-4787-94BC-5D0C81C30443}.Debug|ARM64.Build.0 = Debug|ARM64
		{2C603580-7B50-4787-94BC-5D0C81C30443}.Debug|x64.ActiveCfg = Debug|x64
		{2C603580-7B50-4787-94BC-5D0C81C30443}.Debug|x64.Build.0 = Debug|x64
		{2C603580-7B50-4787-94BC-5D0C81C30443}.Debug|x86.ActiveCfg = Debug|x86
		{2C603580-7B50-4787-94BC-5D0C81C30443}.Debug|x86.Build.0 = Debug|x86
		{2C603580-7B50-4787-94BC-5D0C81C30443}.Release|Any CPU.ActiveCfg = Release|Any CPU
		{2C603580-7B50-4787-94BC-5D0C81C30443}.Release|Any CPU.Build.0 = Release|Any CPU
		{2C603580-7B50-4787-94BC-5D0C81C30443}.Release|ARM.ActiveCfg = Release|ARM
		{2C603580-7B50-4787-94BC-5D0C81C30443}.Release|ARM.Build.0 = Release|ARM
		{2C603580-7B50-4787-94BC-5D0C81C30443}.Release|ARM64.ActiveCfg = Release|ARM64
		{2C603580-7B50-4787-94BC-5D0C81C30443}.Release|ARM64.Build.0 = Release|ARM64
		{2C603580-7B50-4787-94BC-5D0C81C30443}.Release|x64.ActiveCfg = Release|x64
		{2C603580-7B50-4787-94BC-5D0C81C30443}.Release|x64.Build.0 = Release|x64
		{2C603580-7B50-4787-94BC-5D0C81C30443}.Release|x86.ActiveCfg = Release|x86
		{2C603580-7B50-4787-94BC-5D0C81C30443}.Release|x86.Build.0 = Release|x86
	EndGlobalSection
	GlobalSection(SolutionProperties) = preSolution
		HideSolutionNode = FALSE
	EndGlobalSection
	GlobalSection(ExtensibilityGlobals) = postSolution
		SolutionGuid = {83EC69BD-063F-4AA0-8E25-D53EE29029EF}
	EndGlobalSection
EndGlobal
